{
    "_meta": {
        "hash": {
            "sha256": "f58ab77353c6401ea1d09e486411459e4512ad5564f48b9a72acca9ded7937b6"
        },
        "pipfile-spec": 6,
        "requires": {
            "python_version": "3.6"
        },
        "sources": [
            {
                "name": "pypi",
                "url": "https://pypi.org/simple",
                "verify_ssl": true
            }
        ]
    },
    "default": {
        "pillow": {
            "hashes": [
                "sha256:01bb0a34f1a6689b138c0089d670ae2e8f886d2666a9b2f2019031abdea673c4",
                "sha256:07872f1d8421db5a3fe770f7480835e5e90fddb58f36c216d4a2ac0d594de474",
                "sha256:1022f8f6dc3c5b0dcf928f1c49ba2ac73051f576af100d57776e2b65c1f76a8d",
                "sha256:14415e9e28410232370615dbde0cf0a00e526f522f665460344a5b96973a3086",
                "sha256:172acfaf00434a28dddfe592d83f2980e22e63c769ff4a448ddf7b7a38ffd165",
                "sha256:1c5e3c36f02c815766ae9dd91899b1c5b4652f2a37b7a51609f3bd467c0f11fb",
                "sha256:292f2aa1ae5c5c1451cb4b558addb88c257411d3fd71c6cf45562911baffc979",
                "sha256:2a40d7d4b17db87f5b9a1efc0aff56000e1d0d5ece415090c102aafa0ccbe858",
                "sha256:2f0d7034d5faae9a8d1019d152ede924f653df2ce77d3bba4ce62cd21b5f94ae",
                "sha256:33fdbd4f5608c852d97264f9d2e3b54e9e9959083d008145175b86100b275e5b",
                "sha256:3b13d89d97b551e02549d1f0edf22bed6acfd6fd2e888cd1e9a953bf215f0e81",
                "sha256:3e759bcc03d6f39bc751e56d86bc87252b9a21c689a27c5ed753717a87d53a5b",
                "sha256:3ec87bd1248b23a2e4e19e774367fbe30fddc73913edc5f9b37470624f55dc1f",
                "sha256:436b0a2dd9fe3f7aa6a444af6bdf53c1eb8f5ced9ea3ef104daa83f0ea18e7bc",
                "sha256:43b3c859912e8bf754b3c5142df624794b18eb7ae07cfeddc917e1a9406a3ef2",
                "sha256:4fe74636ee71c57a7f65d7b21a9f127d842b4fb75511e5d256ace258826eb352",
                "sha256:59445af66b59cc39530b4f810776928d75e95f41e945f0c32a3de4aceb93c15d",
                "sha256:69da5b1d7102a61ce9b45deb2920a2012d52fd8f4201495ea9411d0071b0ec22",
                "sha256:7094bbdecb95ebe53166e4c12cf5e28310c2b550b08c07c5dc15433898e2238e",
                "sha256:8211cac9bf10461f9e33fe9a3af6c5131f3fdd0d10672afc2abb2c70cf95c5ca",
                "sha256:8cf77e458bd996dc85455f10fe443c0c946f5b13253773439bcbec08aa1aebc2",
                "sha256:924fc33cb4acaf6267b8ca3b8f1922620d57a28470d5e4f49672cea9a841eb08",
                "sha256:99ce3333b40b7a4435e0a18baad468d44ab118a4b1da0af0a888893d03253f1d",
                "sha256:a7d690b2c5f7e4a932374615fedceb1e305d2dd5363c1de15961725fe10e7d16",
                "sha256:b9af590adc1e46898a1276527f3cfe2da8048ae43fbbf9b1bf9395f6c99d9b47",
                "sha256:bb18422ad00c1fecc731d06592e99c3be2c634da19e26942ba2f13d805005cf2",
                "sha256:c10af40ee2f1a99e1ae755ab1f773916e8bca3364029a042cd9161c400416bd8",
                "sha256:c143c409e7bc1db784471fe9d0bf95f37c4458e879ad84cfae640cb74ee11a26",
                "sha256:c448d2b335e21951416a30cd48d35588d122a912d5fe9e41900afacecc7d21a1",
                "sha256:d30f30c044bdc0ab8f3924e1eeaac87e0ff8a27e87369c5cac4064b6ec78fd83",
                "sha256:df534e64d4f3e84e8f1e1a37da3f541555d947c1c1c09b32178537f0f243f69d",
                "sha256:f6fc18f9c9c7959bf58e6faf801d14fafb6d4717faaf6f79a68c8bb2a13dcf20",
                "sha256:ff83dfeb04c98bb3e7948f876c17513a34e9a19fd92e292288649164924c1b39"
            ],
            "index": "pypi",
            "version": "==8.1.1"
        },
        "psycopg2": {
            "hashes": [
                "sha256:0b9e48a1c1505699a64ac58815ca99104aacace8321e455072cee4f7fe7b2698",
                "sha256:0f4c784e1b5a320efb434c66a50b8dd7e30a7dc047e8f45c0a8d2694bfe72781",
                "sha256:0fdbaa32c9eb09ef09d425dc154628fca6fa69d2f7c1a33f889abb7e0efb3909",
                "sha256:11fbf688d5c953c0a5ba625cc42dea9aeb2321942c7c5ed9341a68f865dc8cb1",
                "sha256:19eaac4eb25ab078bd0f28304a0cb08702d120caadfe76bb1e6846ed1f68635e",
                "sha256:3232ec1a3bf4dba97fbf9b03ce12e4b6c1d01ea3c85773903a67ced725728232",
                "sha256:36f8f9c216fcca048006f6dd60e4d3e6f406afde26cfb99e063f137070139eaf",
                "sha256:59c1a0e4f9abe970062ed35d0720935197800a7ef7a62b3a9e3a70588d9ca40b",
                "sha256:6506c5ff88750948c28d41852c09c5d2a49f51f28c6d90cbf1b6808e18c64e88",
                "sha256:6bc3e68ee16f571681b8c0b6d5c0a77bef3c589012352b3f0cf5520e674e9d01",
                "sha256:6dbbd7aabbc861eec6b910522534894d9dbb507d5819bc982032c3ea2e974f51",
                "sha256:6e737915de826650d1a5f7ff4ac6cf888a26f021a647390ca7bafdba0e85462b",
                "sha256:6ed9b2cfe85abc720e8943c1808eeffd41daa73e18b7c1e1a228b0b91f768ccc",
                "sha256:711ec617ba453fdfc66616db2520db3a6d9a891e3bf62ef9aba4c95bb4e61230",
                "sha256:844dacdf7530c5c612718cf12bc001f59b2d9329d35b495f1ff25045161aa6af",
                "sha256:86b52e146da13c896e50c5a3341a9448151f1092b1a4153e425d1e8b62fec508",
                "sha256:985c06c2a0f227131733ae58d6a541a5bc8b665e7305494782bebdb74202b793",
                "sha256:a86dfe45f4f9c55b1a2312ff20a59b30da8d39c0e8821d00018372a2a177098f",
                "sha256:aa3cd07f7f7e3183b63d48300666f920828a9dbd7d7ec53d450df2c4953687a9",
                "sha256:b1964ed645ef8317806d615d9ff006c0dadc09dfc54b99ae67f9ba7a1ec9d5d2",
                "sha256:b2abbff9e4141484bb89b96eb8eae186d77bc6d5ffbec6b01783ee5c3c467351",
                "sha256:cc33c3a90492e21713260095f02b12bee02b8d1f2c03a221d763ce04fa90e2e9",
                "sha256:d7de3bf0986d777807611c36e809b77a13bf1888f5c8db0ebf24b47a52d10726",
                "sha256:db5e3c52576cc5b93a959a03ccc3b02cb8f0af1fbbdc80645f7a215f0b864f3a",
                "sha256:e168aa795ffbb11379c942cf95bf813c7db9aa55538eb61de8c6815e092416f5",
                "sha256:e9ca911f8e2d3117e5241d5fa9aaa991cb22fb0792627eeada47425d706b5ec8",
                "sha256:eccf962d41ca46e6326b97c8fe0a6687b58dfc1a5f6540ed071ff1474cea749e",
                "sha256:efa19deae6b9e504a74347fe5e25c2cb9343766c489c2ae921b05f37338b18d1",
                "sha256:f4b0460a21f784abe17b496f66e74157a6c36116fa86da8bf6aa028b9e8ad5fe",
                "sha256:f93d508ca64d924d478fb11e272e09524698f0c581d9032e68958cfbdd41faef"
            ],
            "index": "pypi",
            "version": "==2.7.5"
        },
        "pyqt5": {
            "hashes": [
                "sha256:517e4339135c4874b799af0d484bc2e8c27b54850113a68eec40a0b56534f450",
                "sha256:ac1eb5a114b6e7788e8be378be41c5e54b17d5158994504e85e43b5fca006a39",
                "sha256:d2309296a5a79d0a1c0e6c387c30f0398b65523a6dcc8a19cc172e46b949e00d",
                "sha256:e85936bae1581bcb908847d2038e5b34237a5e6acc03130099a78930770e7ead"
            ],
            "index": "pypi",
            "version": "==5.11.3"
        },
        "pyqt5-sip": {
            "hashes": [
                "sha256:304acf771b6033cb4bafc415939d227c91265d30664ed643b298d7e95f509f81",
                "sha256:39d2677f4de46ed4d7aa3b612f31c74c881975efe51c6a23fbb1d9382e4cc850",
                "sha256:54b99a3057e8f01b90d49cca9ca566b1ea23d8920038760f44e75b90c62b9d5f",
                "sha256:59f5332f86f3ccd3ac94674fe91eae6e8aca26da7c6588917cabd0fe22af106d",
                "sha256:72be07a21b0f379987c4ec59bc86834a9719a2f9cfb49606a4d4e34dae9aa549",
                "sha256:7b3b8c015e545fa30e42205fc1115b7c6afcb6acec790ce3f330a06323730523",
                "sha256:7fbb6389c20aff4c3257e89bb1787effffcaf05c32d937c00094ae45846bffd5",
                "sha256:828d9911acc483672a2bae1cc1bf79f591eb3338faad1f2c798aa2f45459a318",
                "sha256:a9460dac973deccc6ff2d90f18fd105cbaada147f84e5917ed79374dcb237758",
                "sha256:aade50f9a1b9d20f6aabe88e8999b10db57218f5c31950160f3f7957dd64e07c",
                "sha256:ac9e5b282d1f0771a8310ed974afe1961ec31e9ae787d052c0e504ea46ae323a",
                "sha256:ba41bd21b89c6713f7077b5f7d4a1c452989190aad5704e215560a266a1ecbab",
                "sha256:c309dbbd6c155e961bfd6893496afa5cd184cce6f7dffd87ea68ee048b6f97e1",
                "sha256:cfc21b1f80d4655ffa776c505a2576b4d148bbc52bb3e33fedbf6cfbdbc09d1b",
                "sha256:d7b26e0b6d81bf14c1239e6a891ac1303a7e882512d990ec330369c7269226d7",
                "sha256:f8b7a3e05235ce58a38bf317f71a5cb4ab45d3b34dc57421dd8cea48e0e4023e"
            ],
            "version": "==4.19.19"
        },
        "reportlab": {
            "hashes": [
                "sha256:04ca57bebe2c3e06550aae82a468ac80d97249178f3aca4496872a9ebf8ba391",
                "sha256:1a97e6f06d21682476a12fee60506ea6e8e2f67c180f227a5272e14e2f2cdf5d",
                "sha256:1c9d782cddada11b0c83bd5c3f124fed9ba189c718499f5baecae18c7574cf68",
                "sha256:1ca461c2f4b4e8685fde083b4fca9189f5120881f87bc6ac7e923127cafbf70a",
                "sha256:1cafbe667567d1a34febc00011f097665b705e3cb8bbea307de87a324b318fe8",
                "sha256:22c1515321dad5a372109fdd3a68e25d59c2f06883e56d991670156fb8a675fc",
                "sha256:2725bf2d8ff228a0d7914fcbd70e012fc0435d6489d3cd8e6331a3f545dfb8c7",
                "sha256:30845e210cee64c0ac53f2fa6b8ce8878e5437514bc9527ce2fe71ab5e8c79bb",
                "sha256:3bb05d06c33bf1dee166a375caa2a39f110d6b3504988c2a5591eae4a179eb01",
                "sha256:4894b76d94b2a57696bcecc06606366584b06214af8c231d71499a52d451ccb4",
                "sha256:495603088d81ca80d3a3f5e0587402522c1a2f9d10658e477d7601db73d59718",
                "sha256:4c15800a83c4e7dc1924d8fb2ec1e46ad1a097601d53439e189cfb8999c3c889",
                "sha256:552c4d18eee5037e396eef5132fb0233282d38be43d04cd1ae06dddce848f3b0",
                "sha256:61f2a8efc021ec2f48aa7af854ce2e2d6f4620657dad147ac0dedd6e342abd3a",
                "sha256:6f615ce97b0631450f227edb122cde35b2d597863766c15514d3b4e165109b09",
                "sha256:7c42b12829f5958b60d4a8fc0664db2de98779a0646ef00a6ea39c10f47df374",
                "sha256:7cb5349be994d276fe10425ab4f230fb6cbcdab027287bb6033a96f953cdf5e1",
                "sha256:95914d90df4d72b3e4b0f97dca095bd83bdbbcf50b2e2e5132329c76ecb941c7",
                "sha256:9b91208f4539ef75f4efcd62ef8ce5b476b18b6157bc8b0c7050ebd75eaf22b7",
                "sha256:a7a8acf70d852771c14a5a3be5174233419e7ad17d73a3b9820646346ef62bcb",
                "sha256:b78a465c993edc1a6e0f4184a49570ae8a42f048c9ef855bf65c0cee54b0b8bf",
                "sha256:b93f1a1edef554fa9c0d71091c20797f9289b6ad048b379fc3f62920416e164e",
                "sha256:ba7518c099417eaab0000238984e0f7010602793687891b9ac7f58f9adc1b3a4",
                "sha256:baba0edec7f763143d04e82f3bc4c9fb99d4a43439969f0abaf4788a8a92e452",
                "sha256:bbb807604d98d062275c59d53be431ca7f229aa209fcdf4a878b6a3ac5cabd98",
                "sha256:c8410ce1e2504c083c84b8310f57813469a7efced2485456badcedb63ae1e8f2",
                "sha256:d003f5414291b8112d80e2940b0e1de13f5eab2ca4db0b6a3f4597b95c451351",
                "sha256:f92f81314807cd860f29fe07a1a4100b03910ae6bbfca20a07e02c3b460f4f20"
            ],
            "index": "pypi",
            "version": "==3.5.9"
        },
        "sqlalchemy": {
            "hashes": [
                "sha256:84412de3794acee05630e7788f25e80e81f78eb4837e7b71d0499129f660486a"
            ],
            "index": "pypi",
            "version": "==1.2.13"
        }
    },
    "develop": {
        "altgraph": {
            "hashes": [
                "sha256:1f05a47122542f97028caf78775a095fbe6a2699b5089de8477eb583167d69aa",
                "sha256:c623e5f3408ca61d4016f23a681b9adb100802ca3e3da5e718915a9e4052cebe"
            ],
            "version": "==0.17"
        },
        "future": {
            "hashes": [
                "sha256:b1bead90b70cf6ec3f0710ae53a525360fa360d306a86583adc6bf83a4db537d"
            ],
            "version": "==0.18.2"
        },
        "macholib": {
            "hashes": [
                "sha256:0c436bc847e7b1d9bda0560351bf76d7caf930fb585a828d13608839ef42c432",
                "sha256:c500f02867515e6c60a27875b408920d18332ddf96b4035ef03beddd782d4281"
            ],
            "version": "==1.14"
        },
        "pefile": {
            "hashes": [
                "sha256:a5d6e8305c6b210849b47a6174ddf9c452b2888340b8177874b862ba6c207645"
            ],
            "version": "==2019.4.18"
        },
        "pyinstaller": {
            "hashes": [
                "sha256:a5a6e04a66abfcf8761e89a2ebad937919c6be33a7b8963e1a961b55cb35986b"
            ],
            "index": "pypi",
            "version": "==3.4"
        }
    }
}
