{
    "_meta": {
        "hash": {
            "sha256": "f58ab77353c6401ea1d09e486411459e4512ad5564f48b9a72acca9ded7937b6"
        },
        "pipfile-spec": 6,
        "requires": {
            "python_version": "3.6"
        },
        "sources": [
            {
                "name": "pypi",
                "url": "https://pypi.org/simple",
                "verify_ssl": true
            }
        ]
    },
    "default": {
        "pillow": {
            "hashes": [
                "sha256:0412516dcc9de9b0a1e0ae25a280015809de8270f134cc2c1e32c4eeb397cf30",
                "sha256:04835e68ef12904bc3e1fd002b33eea0779320d4346082bd5b24bec12ad9c3e9",
                "sha256:06d1adaa284696785375fa80a6a8eb309be722cf4ef8949518beb34487a3df71",
                "sha256:085a90a99404b859a4b6c3daa42afde17cb3ad3115e44a75f0d7b4a32f06a6c9",
                "sha256:0b9911ec70731711c3b6ebcde26caea620cbdd9dcb73c67b0730c8817f24711b",
                "sha256:10e00f7336780ca7d3653cf3ac26f068fa11b5a96894ea29a64d3dc4b810d630",
                "sha256:11c27e74bab423eb3c9232d97553111cc0be81b74b47165f07ebfdd29d825875",
                "sha256:11eb7f98165d56042545c9e6db3ce394ed8b45089a67124298f0473b29cb60b2",
                "sha256:13654b521fb98abdecec105ea3fb5ba863d1548c9b58831dd5105bb3873569f1",
                "sha256:15ccb81a6ffc57ea0137f9f3ac2737ffa1d11f786244d719639df17476d399a7",
                "sha256:18a07a683805d32826c09acfce44a90bf474e6a66ce482b1c7fcd3757d588df3",
                "sha256:19ec4cfe4b961edc249b0e04b5618666c23a83bc35842dea2bfd5dfa0157f81b",
                "sha256:1c3ff00110835bdda2b1e2b07f4a2548a39744bb7de5946dc8e95517c4fb2ca6",
                "sha256:27a330bf7014ee034046db43ccbb05c766aa9e70b8d6c5260bfc38d73103b0ba",
                "sha256:2b11c9d310a3522b0fd3c35667914271f570576a0e387701f370eb39d45f08a4",
                "sha256:2c661542c6f71dfd9dc82d9d29a8386287e82813b0375b3a02983feac69ef864",
                "sha256:2cde7a4d3687f21cffdf5bb171172070bb95e02af448c4c8b2f223d783214056",
                "sha256:2d5e9dc0bf1b5d9048a94c48d0813b6c96fccfa4ccf276d9c36308840f40c228",
                "sha256:2f23b2d3079522fdf3c09de6517f625f7a964f916c956527bed805ac043799b8",
                "sha256:35d27687f027ad25a8d0ef45dd5208ef044c588003cdcedf05afb00dbc5c2deb",
                "sha256:35d409030bf3bd05fa66fb5fdedc39c521b397f61ad04309c90444e893d05f7d",
                "sha256:4326ea1e2722f3dc00ed77c36d3b5354b8fb7399fb59230249ea6d59cbed90da",
                "sha256:4abc247b31a98f29e5224f2d31ef15f86a71f79c7f4d2ac345a5d551d6393073",
                "sha256:4d89a2e9219a526401015153c0e9dd48319ea6ab9fe3b066a20aa9aee23d9fd3",
                "sha256:4e59e99fd680e2b8b11bbd463f3c9450ab799305d5f2bafb74fefba6ac058616",
                "sha256:548794f99ff52a73a156771a0402f5e1c35285bd981046a502d7e4793e8facaa",
                "sha256:56fd98c8294f57636084f4b076b75f86c57b2a63a8410c0cd172bc93695ee979",
                "sha256:59697568a0455764a094585b2551fd76bfd6b959c9f92d4bdec9d0e14616303a",
                "sha256:6bff50ba9891be0a004ef48828e012babaaf7da204d81ab9be37480b9020a82b",
                "sha256:6cb3dd7f23b044b0737317f892d399f9e2f0b3a02b22b2c692851fb8120d82c6",
                "sha256:7dbfbc0020aa1d9bc1b0b8bcf255a7d73f4ad0336f8fd2533fcc54a4ccfb9441",
                "sha256:838eb85de6d9307c19c655c726f8d13b8b646f144ca6b3771fa62b711ebf7624",
                "sha256:8b68f565a4175e12e68ca900af8910e8fe48aaa48fd3ca853494f384e11c8bcd",
                "sha256:8f284dc1695caf71a74f24993b7c7473d77bc760be45f776a2c2f4e04c170550",
                "sha256:963ebdc5365d748185fdb06daf2ac758116deecb2277ec5ae98139f93844bc09",
                "sha256:a048dad5ed6ad1fad338c02c609b862dfaa921fcd065d747194a6805f91f2196",
                "sha256:a1bd983c565f92779be456ece2479840ec39d386007cd4ae83382646293d681b",
                "sha256:a66566f8a22561fc1a88dc87606c69b84fa9ce724f99522cf922c801ec68f5c1",
                "sha256:bcb04ff12e79b28be6c9988f275e7ab69f01cc2ba319fb3114f87817bb7c74b6",
                "sha256:bd24054aaf21e70a51e2a2a5ed1183560d3a69e6f9594a4bfe360a46f94eba83",
                "sha256:be25cb93442c6d2f8702c599b51184bd3ccd83adebd08886b682173e09ef0c3f",
                "sha256:c691b26283c3a31594683217d746f1dad59a7ae1d4cfc24626d7a064a11197d4",
                "sha256:cc9d0dec711c914ed500f1d0d3822868760954dce98dfb0b7382a854aee55d19",
                "sha256:ce2e5e04bb86da6187f96d7bab3f93a7877830981b37f0287dd6479e27a10341",
                "sha256:ce651ca46d0202c302a535d3047c55a0131a720cf554a578fc1b8a2aff0e7d96",
                "sha256:d0c8ebbfd439c37624db98f3877d9ed12c137cadd99dde2d2eae0dab0bbfc355",
                "sha256:d675a876b295afa114ca8bf42d7f86b5fb1298e1b6bb9a24405a3f6c8338811c",
                "sha256:dde3f3ed8d00c72631bc19cbfff8ad3b6215062a5eed402381ad365f82f0c18c",
                "sha256:e5a31c07cea5edbaeb4bdba6f2b87db7d3dc0f446f379d907e51cc70ea375629",
                "sha256:f514c2717012859ccb349c97862568fdc0479aad85b0270d6b5a6509dbc142e2",
                "sha256:fc0db32f7223b094964e71729c0361f93db43664dd1ec86d3df217853cedda87",
                "sha256:fd4fd83aa912d7b89b4b4a1580d30e2a4242f3936882a3f433586e5ab97ed0d5",
                "sha256:feb5db446e96bfecfec078b943cc07744cc759893cef045aa8b8b6d6aaa8274e"
            ],
            "index": "pypi",
            "version": "==8.3.2"
        },
        "psycopg2": {
            "hashes": [
                "sha256:0b9e48a1c1505699a64ac58815ca99104aacace8321e455072cee4f7fe7b2698",
                "sha256:0f4c784e1b5a320efb434c66a50b8dd7e30a7dc047e8f45c0a8d2694bfe72781",
                "sha256:0fdbaa32c9eb09ef09d425dc154628fca6fa69d2f7c1a33f889abb7e0efb3909",
                "sha256:11fbf688d5c953c0a5ba625cc42dea9aeb2321942c7c5ed9341a68f865dc8cb1",
                "sha256:19eaac4eb25ab078bd0f28304a0cb08702d120caadfe76bb1e6846ed1f68635e",
                "sha256:3232ec1a3bf4dba97fbf9b03ce12e4b6c1d01ea3c85773903a67ced725728232",
                "sha256:36f8f9c216fcca048006f6dd60e4d3e6f406afde26cfb99e063f137070139eaf",
                "sha256:59c1a0e4f9abe970062ed35d0720935197800a7ef7a62b3a9e3a70588d9ca40b",
                "sha256:6506c5ff88750948c28d41852c09c5d2a49f51f28c6d90cbf1b6808e18c64e88",
                "sha256:6bc3e68ee16f571681b8c0b6d5c0a77bef3c589012352b3f0cf5520e674e9d01",
                "sha256:6dbbd7aabbc861eec6b910522534894d9dbb507d5819bc982032c3ea2e974f51",
                "sha256:6e737915de826650d1a5f7ff4ac6cf888a26f021a647390ca7bafdba0e85462b",
                "sha256:6ed9b2cfe85abc720e8943c1808eeffd41daa73e18b7c1e1a228b0b91f768ccc",
                "sha256:711ec617ba453fdfc66616db2520db3a6d9a891e3bf62ef9aba4c95bb4e61230",
                "sha256:844dacdf7530c5c612718cf12bc001f59b2d9329d35b495f1ff25045161aa6af",
                "sha256:86b52e146da13c896e50c5a3341a9448151f1092b1a4153e425d1e8b62fec508",
                "sha256:985c06c2a0f227131733ae58d6a541a5bc8b665e7305494782bebdb74202b793",
                "sha256:a86dfe45f4f9c55b1a2312ff20a59b30da8d39c0e8821d00018372a2a177098f",
                "sha256:aa3cd07f7f7e3183b63d48300666f920828a9dbd7d7ec53d450df2c4953687a9",
                "sha256:b1964ed645ef8317806d615d9ff006c0dadc09dfc54b99ae67f9ba7a1ec9d5d2",
                "sha256:b2abbff9e4141484bb89b96eb8eae186d77bc6d5ffbec6b01783ee5c3c467351",
                "sha256:cc33c3a90492e21713260095f02b12bee02b8d1f2c03a221d763ce04fa90e2e9",
                "sha256:d7de3bf0986d777807611c36e809b77a13bf1888f5c8db0ebf24b47a52d10726",
                "sha256:db5e3c52576cc5b93a959a03ccc3b02cb8f0af1fbbdc80645f7a215f0b864f3a",
                "sha256:e168aa795ffbb11379c942cf95bf813c7db9aa55538eb61de8c6815e092416f5",
                "sha256:e9ca911f8e2d3117e5241d5fa9aaa991cb22fb0792627eeada47425d706b5ec8",
                "sha256:eccf962d41ca46e6326b97c8fe0a6687b58dfc1a5f6540ed071ff1474cea749e",
                "sha256:efa19deae6b9e504a74347fe5e25c2cb9343766c489c2ae921b05f37338b18d1",
                "sha256:f4b0460a21f784abe17b496f66e74157a6c36116fa86da8bf6aa028b9e8ad5fe",
                "sha256:f93d508ca64d924d478fb11e272e09524698f0c581d9032e68958cfbdd41faef"
            ],
            "index": "pypi",
            "version": "==2.7.5"
        },
        "pyqt5": {
            "hashes": [
                "sha256:517e4339135c4874b799af0d484bc2e8c27b54850113a68eec40a0b56534f450",
                "sha256:ac1eb5a114b6e7788e8be378be41c5e54b17d5158994504e85e43b5fca006a39",
                "sha256:d2309296a5a79d0a1c0e6c387c30f0398b65523a6dcc8a19cc172e46b949e00d",
                "sha256:e85936bae1581bcb908847d2038e5b34237a5e6acc03130099a78930770e7ead"
            ],
            "index": "pypi",
            "version": "==5.11.3"
        },
        "pyqt5-sip": {
            "hashes": [
                "sha256:304acf771b6033cb4bafc415939d227c91265d30664ed643b298d7e95f509f81",
                "sha256:39d2677f4de46ed4d7aa3b612f31c74c881975efe51c6a23fbb1d9382e4cc850",
                "sha256:54b99a3057e8f01b90d49cca9ca566b1ea23d8920038760f44e75b90c62b9d5f",
                "sha256:59f5332f86f3ccd3ac94674fe91eae6e8aca26da7c6588917cabd0fe22af106d",
                "sha256:72be07a21b0f379987c4ec59bc86834a9719a2f9cfb49606a4d4e34dae9aa549",
                "sha256:7b3b8c015e545fa30e42205fc1115b7c6afcb6acec790ce3f330a06323730523",
                "sha256:7fbb6389c20aff4c3257e89bb1787effffcaf05c32d937c00094ae45846bffd5",
                "sha256:828d9911acc483672a2bae1cc1bf79f591eb3338faad1f2c798aa2f45459a318",
                "sha256:a9460dac973deccc6ff2d90f18fd105cbaada147f84e5917ed79374dcb237758",
                "sha256:aade50f9a1b9d20f6aabe88e8999b10db57218f5c31950160f3f7957dd64e07c",
                "sha256:ac9e5b282d1f0771a8310ed974afe1961ec31e9ae787d052c0e504ea46ae323a",
                "sha256:ba41bd21b89c6713f7077b5f7d4a1c452989190aad5704e215560a266a1ecbab",
                "sha256:c309dbbd6c155e961bfd6893496afa5cd184cce6f7dffd87ea68ee048b6f97e1",
                "sha256:cfc21b1f80d4655ffa776c505a2576b4d148bbc52bb3e33fedbf6cfbdbc09d1b",
                "sha256:d7b26e0b6d81bf14c1239e6a891ac1303a7e882512d990ec330369c7269226d7",
                "sha256:f8b7a3e05235ce58a38bf317f71a5cb4ab45d3b34dc57421dd8cea48e0e4023e"
            ],
            "version": "==4.19.19"
        },
        "reportlab": {
            "hashes": [
                "sha256:04ca57bebe2c3e06550aae82a468ac80d97249178f3aca4496872a9ebf8ba391",
                "sha256:1a97e6f06d21682476a12fee60506ea6e8e2f67c180f227a5272e14e2f2cdf5d",
                "sha256:1c9d782cddada11b0c83bd5c3f124fed9ba189c718499f5baecae18c7574cf68",
                "sha256:1ca461c2f4b4e8685fde083b4fca9189f5120881f87bc6ac7e923127cafbf70a",
                "sha256:1cafbe667567d1a34febc00011f097665b705e3cb8bbea307de87a324b318fe8",
                "sha256:22c1515321dad5a372109fdd3a68e25d59c2f06883e56d991670156fb8a675fc",
                "sha256:2725bf2d8ff228a0d7914fcbd70e012fc0435d6489d3cd8e6331a3f545dfb8c7",
                "sha256:30845e210cee64c0ac53f2fa6b8ce8878e5437514bc9527ce2fe71ab5e8c79bb",
                "sha256:3bb05d06c33bf1dee166a375caa2a39f110d6b3504988c2a5591eae4a179eb01",
                "sha256:4894b76d94b2a57696bcecc06606366584b06214af8c231d71499a52d451ccb4",
                "sha256:495603088d81ca80d3a3f5e0587402522c1a2f9d10658e477d7601db73d59718",
                "sha256:4c15800a83c4e7dc1924d8fb2ec1e46ad1a097601d53439e189cfb8999c3c889",
                "sha256:552c4d18eee5037e396eef5132fb0233282d38be43d04cd1ae06dddce848f3b0",
                "sha256:61f2a8efc021ec2f48aa7af854ce2e2d6f4620657dad147ac0dedd6e342abd3a",
                "sha256:6f615ce97b0631450f227edb122cde35b2d597863766c15514d3b4e165109b09",
                "sha256:7c42b12829f5958b60d4a8fc0664db2de98779a0646ef00a6ea39c10f47df374",
                "sha256:7cb5349be994d276fe10425ab4f230fb6cbcdab027287bb6033a96f953cdf5e1",
                "sha256:95914d90df4d72b3e4b0f97dca095bd83bdbbcf50b2e2e5132329c76ecb941c7",
                "sha256:9b91208f4539ef75f4efcd62ef8ce5b476b18b6157bc8b0c7050ebd75eaf22b7",
                "sha256:a7a8acf70d852771c14a5a3be5174233419e7ad17d73a3b9820646346ef62bcb",
                "sha256:b78a465c993edc1a6e0f4184a49570ae8a42f048c9ef855bf65c0cee54b0b8bf",
                "sha256:b93f1a1edef554fa9c0d71091c20797f9289b6ad048b379fc3f62920416e164e",
                "sha256:ba7518c099417eaab0000238984e0f7010602793687891b9ac7f58f9adc1b3a4",
                "sha256:baba0edec7f763143d04e82f3bc4c9fb99d4a43439969f0abaf4788a8a92e452",
                "sha256:bbb807604d98d062275c59d53be431ca7f229aa209fcdf4a878b6a3ac5cabd98",
                "sha256:c8410ce1e2504c083c84b8310f57813469a7efced2485456badcedb63ae1e8f2",
                "sha256:d003f5414291b8112d80e2940b0e1de13f5eab2ca4db0b6a3f4597b95c451351",
                "sha256:f92f81314807cd860f29fe07a1a4100b03910ae6bbfca20a07e02c3b460f4f20"
            ],
            "index": "pypi",
            "version": "==3.5.9"
        },
        "sqlalchemy": {
            "hashes": [
                "sha256:84412de3794acee05630e7788f25e80e81f78eb4837e7b71d0499129f660486a"
            ],
            "index": "pypi",
            "version": "==1.2.13"
        }
    },
    "develop": {
        "altgraph": {
            "hashes": [
                "sha256:1f05a47122542f97028caf78775a095fbe6a2699b5089de8477eb583167d69aa",
                "sha256:c623e5f3408ca61d4016f23a681b9adb100802ca3e3da5e718915a9e4052cebe"
            ],
            "version": "==0.17"
        },
        "future": {
            "hashes": [
                "sha256:b1bead90b70cf6ec3f0710ae53a525360fa360d306a86583adc6bf83a4db537d"
            ],
            "markers": "python_version >= '2.6' and python_version not in '3.0, 3.1, 3.2, 3.3'",
            "version": "==0.18.2"
        },
        "macholib": {
            "hashes": [
                "sha256:3781768cdbc8c7996cbf0c61844e80e715f870385358b17602b1c9c1eba9f48e",
                "sha256:96ce0efeea6adadda0e20bc2366314646483b5504119c2212b24838cf0cb80b1"
            ],
            "version": "==1.15.1"
        },
        "pefile": {
            "hashes": [
                "sha256:344a49e40a94e10849f0fe34dddc80f773a12b40675bf2f7be4b8be578bdd94a"
            ],
            "markers": "python_full_version >= '3.6.0'",
            "version": "==2021.9.3"
        },
        "pyinstaller": {
            "hashes": [
                "sha256:a5a6e04a66abfcf8761e89a2ebad937919c6be33a7b8963e1a961b55cb35986b"
            ],
            "index": "pypi",
            "version": "==3.4"
        }
    }
}
